
Microsoft Visual Studio Solution File, Format Version 12.00
# Visual Studio Version 17
VisualStudioVersion = 17.5.33516.290
MinimumVisualStudioVersion = 10.0.40219.1
Project("{FAE04EC0-301F-11D3-BF4B-00C04F79EFBC}") = "IC_Talent", "IC_Talent\IC_Talent.csproj", "{A9750D9A-0661-4A27-925C-17B88FA2D75A}"
EndProject
Global
	GlobalSection(SolutionConfigurationPlatforms) = preSolution
		Debug|Any CPU = Debug|Any CPU
		Release|Any CPU = Release|Any CPU
	EndGlobalSection
	GlobalSection(ProjectConfigurationPlatforms) = postSolution
		{A9750D9A-0661-4A27-925C-17B88FA2D75A}.Debug|Any CPU.ActiveCfg = Debug|Any CPU
		{A9750D9A-0661-4A27-925C-17B88FA2D75A}.Debug|Any CPU.Build.0 = Debug|Any CPU
		{A9750D9A-0661-4A27-925C-17B88FA2D75A}.Release|Any CPU.ActiveCfg = Release|Any CPU
		{A9750D9A-0661-4A27-925C-17B88FA2D75A}.Release|Any CPU.Build.0 = Release|Any CPU
	EndGlobalSection
	GlobalSection(SolutionProperties) = preSolution
		HideSolutionNode = FALSE
	EndGlobalSection
	GlobalSection(ExtensibilityGlobals) = postSolution
		SolutionGuid = {790E1080-6345-4012-AAF0-FCD0556D7B05}
	EndGlobalSection
EndGlobal
